
Microsoft Visual Studio Solution File, Format Version 12.00
# Visual Studio Version 17
VisualStudioVersion = 17.4.33122.133
MinimumVisualStudioVersion = 10.0.40219.1
Project("{FAE04EC0-301F-11D3-BF4B-00C04F79EFBC}") = "Play.Common", "Play.Common.csproj", "{22AB4F7E-F44D-40FE-8411-B94932E1A0B5}"
EndProject
Global
	GlobalSection(SolutionConfigurationPlatforms) = preSolution
		Debug|Any CPU = Debug|Any CPU
		Release|Any CPU = Release|Any CPU
	EndGlobalSection
	GlobalSection(ProjectConfigurationPlatforms) = postSolution
		{22AB4F7E-F44D-40FE-8411-B94932E1A0B5}.Debug|Any CPU.ActiveCfg = Debug|Any CPU
		{22AB4F7E-F44D-40FE-8411-B94932E1A0B5}.Debug|Any CPU.Build.0 = Debug|Any CPU
		{22AB4F7E-F44D-40FE-8411-B94932E1A0B5}.Release|Any CPU.ActiveCfg = Release|Any CPU
		{22AB4F7E-F44D-40FE-8411-B94932E1A0B5}.Release|Any CPU.Build.0 = Release|Any CPU
	EndGlobalSection
	GlobalSection(SolutionProperties) = preSolution
		HideSolutionNode = FALSE
	EndGlobalSection
	GlobalSection(ExtensibilityGlobals) = postSolution
		SolutionGuid = {111ED031-468B-4B1E-AD00-6A27B4C1A64F}
	EndGlobalSection
EndGlobal
